// !$*UTF8*$!
{
	archiveVersion = 1;
	classes = {
	};
	objectVersion = 46;
	objects = {

/* Begin PBXBuildFile section */
		B93D3C4F1C1FD5F200557F6F /* Fountain.h in Headers */ = {isa = PBXBuildFile; fileRef = B93D3C4E1C1FD5F200557F6F /* Fountain.h */; settings = {ATTRIBUTES = (Public, ); }; };
		B93D3C571C1FD61500557F6F /* Operators.swift in Sources */ = {isa = PBXBuildFile; fileRef = B93D3C561C1FD61500557F6F /* Operators.swift */; };
		B93D3C591C1FD69D00557F6F /* CollectionType.swift in Sources */ = {isa = PBXBuildFile; fileRef = B93D3C581C1FD69D00557F6F /* CollectionType.swift */; };
		B93D3C611C1FD81B00557F6F /* FountainTests.swift in Sources */ = {isa = PBXBuildFile; fileRef = B93D3C601C1FD81B00557F6F /* FountainTests.swift */; };
		B93D3C631C1FD81B00557F6F /* Fountain.framework in Frameworks */ = {isa = PBXBuildFile; fileRef = B93D3C4B1C1FD5F200557F6F /* Fountain.framework */; };
		B93D3C6E1C1FE74900557F6F /* Sequencetype.swift in Sources */ = {isa = PBXBuildFile; fileRef = B93D3C6D1C1FE74900557F6F /* Sequencetype.swift */; };
/* End PBXBuildFile section */

/* Begin PBXContainerItemProxy section */
		B93D3C641C1FD81B00557F6F /* PBXContainerItemProxy */ = {
			isa = PBXContainerItemProxy;
			containerPortal = B93D3C421C1FD5F200557F6F /* Project object */;
			proxyType = 1;
			remoteGlobalIDString = B93D3C4A1C1FD5F200557F6F;
			remoteInfo = Fountain;
		};
/* End PBXContainerItemProxy section */

/* Begin PBXFileReference section */
		B93D3C4B1C1FD5F200557F6F /* Fountain.framework */ = {isa = PBXFileReference; explicitFileType = wrapper.framework; includeInIndex = 0; path = Fountain.framework; sourceTree = BUILT_PRODUCTS_DIR; };
		B93D3C4E1C1FD5F200557F6F /* Fountain.h */ = {isa = PBXFileReference; lastKnownFileType = sourcecode.c.h; path = Fountain.h; sourceTree = "<group>"; };
		B93D3C501C1FD5F200557F6F /* Info.plist */ = {isa = PBXFileReference; lastKnownFileType = text.plist.xml; path = Info.plist; sourceTree = "<group>"; };
		B93D3C561C1FD61500557F6F /* Operators.swift */ = {isa = PBXFileReference; fileEncoding = 4; lastKnownFileType = sourcecode.swift; path = Operators.swift; sourceTree = "<group>"; };
		B93D3C581C1FD69D00557F6F /* CollectionType.swift */ = {isa = PBXFileReference; fileEncoding = 4; lastKnownFileType = sourcecode.swift; path = CollectionType.swift; sourceTree = "<group>"; };
		B93D3C5E1C1FD81B00557F6F /* FountainTests.xctest */ = {isa = PBXFileReference; explicitFileType = wrapper.cfbundle; includeInIndex = 0; path = FountainTests.xctest; sourceTree = BUILT_PRODUCTS_DIR; };
		B93D3C601C1FD81B00557F6F /* FountainTests.swift */ = {isa = PBXFileReference; lastKnownFileType = sourcecode.swift; path = FountainTests.swift; sourceTree = "<group>"; };
		B93D3C621C1FD81B00557F6F /* Info.plist */ = {isa = PBXFileReference; lastKnownFileType = text.plist.xml; path = Info.plist; sourceTree = "<group>"; };
		B93D3C6D1C1FE74900557F6F /* Sequencetype.swift */ = {isa = PBXFileReference; fileEncoding = 4; lastKnownFileType = sourcecode.swift; path = Sequencetype.swift; sourceTree = "<group>"; };
/* End PBXFileReference section */

/* Begin PBXFrameworksBuildPhase section */
		B93D3C471C1FD5F200557F6F /* Frameworks */ = {
			isa = PBXFrameworksBuildPhase;
			buildActionMask = 2147483647;
			files = (
			);
			runOnlyForDeploymentPostprocessing = 0;
		};
		B93D3C5B1C1FD81B00557F6F /* Frameworks */ = {
			isa = PBXFrameworksBuildPhase;
			buildActionMask = 2147483647;
			files = (
				B93D3C631C1FD81B00557F6F /* Fountain.framework in Frameworks */,
			);
			runOnlyForDeploymentPostprocessing = 0;
		};
/* End PBXFrameworksBuildPhase section */

/* Begin PBXGroup section */
		B93D3C411C1FD5F200557F6F = {
			isa = PBXGroup;
			children = (
				B93D3C4D1C1FD5F200557F6F /* Fountain */,
				B93D3C5F1C1FD81B00557F6F /* FountainTests */,
				B93D3C4C1C1FD5F200557F6F /* Products */,
			);
			sourceTree = "<group>";
		};
		B93D3C4C1C1FD5F200557F6F /* Products */ = {
			isa = PBXGroup;
			children = (
				B93D3C4B1C1FD5F200557F6F /* Fountain.framework */,
				B93D3C5E1C1FD81B00557F6F /* FountainTests.xctest */,
			);
			name = Products;
			sourceTree = "<group>";
		};
		B93D3C4D1C1FD5F200557F6F /* Fountain */ = {
			isa = PBXGroup;
			children = (
				B93D3C4E1C1FD5F200557F6F /* Fountain.h */,
				B93D3C561C1FD61500557F6F /* Operators.swift */,
				B93D3C581C1FD69D00557F6F /* CollectionType.swift */,
				B93D3C6D1C1FE74900557F6F /* Sequencetype.swift */,
				B93D3C501C1FD5F200557F6F /* Info.plist */,
			);
			path = Fountain;
			sourceTree = "<group>";
		};
		B93D3C5F1C1FD81B00557F6F /* FountainTests */ = {
			isa = PBXGroup;
			children = (
				B93D3C601C1FD81B00557F6F /* FountainTests.swift */,
				B93D3C621C1FD81B00557F6F /* Info.plist */,
			);
			path = FountainTests;
			sourceTree = "<group>";
		};
/* End PBXGroup section */

/* Begin PBXHeadersBuildPhase section */
		B93D3C481C1FD5F200557F6F /* Headers */ = {
			isa = PBXHeadersBuildPhase;
			buildActionMask = 2147483647;
			files = (
				B93D3C4F1C1FD5F200557F6F /* Fountain.h in Headers */,
			);
			runOnlyForDeploymentPostprocessing = 0;
		};
/* End PBXHeadersBuildPhase section */

/* Begin PBXNativeTarget section */
		B93D3C4A1C1FD5F200557F6F /* Fountain */ = {
			isa = PBXNativeTarget;
			buildConfigurationList = B93D3C531C1FD5F200557F6F /* Build configuration list for PBXNativeTarget "Fountain" */;
			buildPhases = (
				B93D3C461C1FD5F200557F6F /* Sources */,
				B93D3C471C1FD5F200557F6F /* Frameworks */,
				B93D3C481C1FD5F200557F6F /* Headers */,
				B93D3C491C1FD5F200557F6F /* Resources */,
			);
			buildRules = (
			);
			dependencies = (
			);
			name = Fountain;
			productName = Fountain;
			productReference = B93D3C4B1C1FD5F200557F6F /* Fountain.framework */;
			productType = "com.apple.product-type.framework";
		};
		B93D3C5D1C1FD81B00557F6F /* FountainTests */ = {
			isa = PBXNativeTarget;
			buildConfigurationList = B93D3C661C1FD81B00557F6F /* Build configuration list for PBXNativeTarget "FountainTests" */;
			buildPhases = (
				B93D3C5A1C1FD81B00557F6F /* Sources */,
				B93D3C5B1C1FD81B00557F6F /* Frameworks */,
				B93D3C5C1C1FD81B00557F6F /* Resources */,
			);
			buildRules = (
			);
			dependencies = (
				B93D3C651C1FD81B00557F6F /* PBXTargetDependency */,
			);
			name = FountainTests;
			productName = FountainTests;
			productReference = B93D3C5E1C1FD81B00557F6F /* FountainTests.xctest */;
			productType = "com.apple.product-type.bundle.unit-test";
		};
/* End PBXNativeTarget section */

/* Begin PBXProject section */
		B93D3C421C1FD5F200557F6F /* Project object */ = {
			isa = PBXProject;
			attributes = {
				LastSwiftUpdateCheck = 0720;
				LastUpgradeCheck = 0720;
				ORGANIZATIONNAME = "Kenneth Ackerson";
				TargetAttributes = {
					B93D3C4A1C1FD5F200557F6F = {
						CreatedOnToolsVersion = 7.2;
					};
					B93D3C5D1C1FD81B00557F6F = {
						CreatedOnToolsVersion = 7.2;
					};
				};
			};
			buildConfigurationList = B93D3C451C1FD5F200557F6F /* Build configuration list for PBXProject "Fountain" */;
			compatibilityVersion = "Xcode 3.2";
			developmentRegion = English;
			hasScannedForEncodings = 0;
			knownRegions = (
				en,
			);
			mainGroup = B93D3C411C1FD5F200557F6F;
			productRefGroup = B93D3C4C1C1FD5F200557F6F /* Products */;
			projectDirPath = "";
			projectRoot = "";
			targets = (
				B93D3C4A1C1FD5F200557F6F /* Fountain */,
				B93D3C5D1C1FD81B00557F6F /* FountainTests */,
			);
		};
/* End PBXProject section */

/* Begin PBXResourcesBuildPhase section */
		B93D3C491C1FD5F200557F6F /* Resources */ = {
			isa = PBXResourcesBuildPhase;
			buildActionMask = 2147483647;
			files = (
			);
			runOnlyForDeploymentPostprocessing = 0;
		};
		B93D3C5C1C1FD81B00557F6F /* Resources */ = {
			isa = PBXResourcesBuildPhase;
			buildActionMask = 2147483647;
			files = (
			);
			runOnlyForDeploymentPostprocessing = 0;
		};
/* End PBXResourcesBuildPhase section */

/* Begin PBXSourcesBuildPhase section */
		B93D3C461C1FD5F200557F6F /* Sources */ = {
			isa = PBXSourcesBuildPhase;
			buildActionMask = 2147483647;
			files = (
				B93D3C571C1FD61500557F6F /* Operators.swift in Sources */,
				B93D3C6E1C1FE74900557F6F /* Sequencetype.swift in Sources */,
				B93D3C591C1FD69D00557F6F /* CollectionType.swift in Sources */,
			);
			runOnlyForDeploymentPostprocessing = 0;
		};
		B93D3C5A1C1FD81B00557F6F /* Sources */ = {
			isa = PBXSourcesBuildPhase;
			buildActionMask = 2147483647;
			files = (
				B93D3C611C1FD81B00557F6F /* FountainTests.swift in Sources */,
			);
			runOnlyForDeploymentPostprocessing = 0;
		};
/* End PBXSourcesBuildPhase section */

/* Begin PBXTargetDependency section */
		B93D3C651C1FD81B00557F6F /* PBXTargetDependency */ = {
			isa = PBXTargetDependency;
			target = B93D3C4A1C1FD5F200557F6F /* Fountain */;
			targetProxy = B93D3C641C1FD81B00557F6F /* PBXContainerItemProxy */;
		};
/* End PBXTargetDependency section */

/* Begin XCBuildConfiguration section */
		B93D3C511C1FD5F200557F6F /* Debug */ = {
			isa = XCBuildConfiguration;
			buildSettings = {
				ALWAYS_SEARCH_USER_PATHS = NO;
				CLANG_CXX_LANGUAGE_STANDARD = "gnu++0x";
				CLANG_CXX_LIBRARY = "libc++";
				CLANG_ENABLE_MODULES = YES;
				CLANG_ENABLE_OBJC_ARC = YES;
				CLANG_WARN_BOOL_CONVERSION = YES;
				CLANG_WARN_CONSTANT_CONVERSION = YES;
				CLANG_WARN_DIRECT_OBJC_ISA_USAGE = YES_ERROR;
				CLANG_WARN_EMPTY_BODY = YES;
				CLANG_WARN_ENUM_CONVERSION = YES;
				CLANG_WARN_INT_CONVERSION = YES;
				CLANG_WARN_OBJC_ROOT_CLASS = YES_ERROR;
				CLANG_WARN_UNREACHABLE_CODE = YES;
				CLANG_WARN__DUPLICATE_METHOD_MATCH = YES;
				CODE_SIGN_IDENTITY = "-";
				COPY_PHASE_STRIP = NO;
				CURRENT_PROJECT_VERSION = 1;
				DEBUG_INFORMATION_FORMAT = dwarf;
				ENABLE_STRICT_OBJC_MSGSEND = YES;
				ENABLE_TESTABILITY = YES;
				GCC_C_LANGUAGE_STANDARD = gnu99;
				GCC_DYNAMIC_NO_PIC = NO;
				GCC_NO_COMMON_BLOCKS = YES;
				GCC_OPTIMIZATION_LEVEL = 0;
				GCC_PREPROCESSOR_DEFINITIONS = (
					"DEBUG=1",
					"$(inherited)",
				);
				GCC_WARN_64_TO_32_BIT_CONVERSION = YES;
				GCC_WARN_ABOUT_RETURN_TYPE = YES_ERROR;
				GCC_WARN_UNDECLARED_SELECTOR = YES;
				GCC_WARN_UNINITIALIZED_AUTOS = YES_AGGRESSIVE;
				GCC_WARN_UNUSED_FUNCTION = YES;
				GCC_WARN_UNUSED_VARIABLE = YES;
				MACOSX_DEPLOYMENT_TARGET = 10.11;
				MTL_ENABLE_DEBUG_INFO = YES;
				ONLY_ACTIVE_ARCH = YES;
				SDKROOT = macosx;
				SWIFT_OPTIMIZATION_LEVEL = "-Onone";
				VERSIONING_SYSTEM = "apple-generic";
				VERSION_INFO_PREFIX = "";
			};
			name = Debug;
		};
		B93D3C521C1FD5F200557F6F /* Release */ = {
			isa = XCBuildConfiguration;
			buildSettings = {
				ALWAYS_SEARCH_USER_PATHS = NO;
				CLANG_CXX_LANGUAGE_STANDARD = "gnu++0x";
				CLANG_CXX_LIBRARY = "libc++";
				CLANG_ENABLE_MODULES = YES;
				CLANG_ENABLE_OBJC_ARC = YES;
				CLANG_WARN_BOOL_CONVERSION = YES;
				CLANG_WARN_CONSTANT_CONVERSION = YES;
				CLANG_WARN_DIRECT_OBJC_ISA_USAGE = YES_ERROR;
				CLANG_WARN_EMPTY_BODY = YES;
				CLANG_WARN_ENUM_CONVERSION = YES;
				CLANG_WARN_INT_CONVERSION = YES;
				CLANG_WARN_OBJC_ROOT_CLASS = YES_ERROR;
				CLANG_WARN_UNREACHABLE_CODE = YES;
				CLANG_WARN__DUPLICATE_METHOD_MATCH = YES;
				CODE_SIGN_IDENTITY = "-";
				COPY_PHASE_STRIP = NO;
				CURRENT_PROJECT_VERSION = 1;
				DEBUG_INFORMATION_FORMAT = "dwarf-with-dsym";
				ENABLE_NS_ASSERTIONS = NO;
				ENABLE_STRICT_OBJC_MSGSEND = YES;
				GCC_C_LANGUAGE_STANDARD = gnu99;
				GCC_NO_COMMON_BLOCKS = YES;
				GCC_WARN_64_TO_32_BIT_CONVERSION = YES;
				GCC_WARN_ABOUT_RETURN_TYPE = YES_ERROR;
				GCC_WARN_UNDECLARED_SELECTOR = YES;
				GCC_WARN_UNINITIALIZED_AUTOS = YES_AGGRESSIVE;
				GCC_WARN_UNUSED_FUNCTION = YES;
				GCC_WARN_UNUSED_VARIABLE = YES;
				MACOSX_DEPLOYMENT_TARGET = 10.11;
				MTL_ENABLE_DEBUG_INFO = NO;
				SDKROOT = macosx;
				VERSIONING_SYSTEM = "apple-generic";
				VERSION_INFO_PREFIX = "";
			};
			name = Release;
		};
		B93D3C541C1FD5F200557F6F /* Debug */ = {
			isa = XCBuildConfiguration;
			buildSettings = {
				CLANG_ENABLE_MODULES = YES;
				COMBINE_HIDPI_IMAGES = YES;
				DEFINES_MODULE = YES;
				DYLIB_COMPATIBILITY_VERSION = 1;
				DYLIB_CURRENT_VERSION = 1;
				DYLIB_INSTALL_NAME_BASE = "@rpath";
				FRAMEWORK_VERSION = A;
				INFOPLIST_FILE = Fountain/Info.plist;
				INSTALL_PATH = "$(LOCAL_LIBRARY_DIR)/Frameworks";
				LD_RUNPATH_SEARCH_PATHS = "$(inherited) @executable_path/../Frameworks @loader_path/Frameworks";
				PRODUCT_BUNDLE_IDENTIFIER = pear.Fountain;
				PRODUCT_NAME = "$(TARGET_NAME)";
				SKIP_INSTALL = YES;
				SWIFT_OPTIMIZATION_LEVEL = "-Onone";
			};
			name = Debug;
		};
		B93D3C551C1FD5F200557F6F /* Release */ = {
			isa = XCBuildConfiguration;
			buildSettings = {
				CLANG_ENABLE_MODULES = YES;
				COMBINE_HIDPI_IMAGES = YES;
				DEFINES_MODULE = YES;
				DYLIB_COMPATIBILITY_VERSION = 1;
				DYLIB_CURRENT_VERSION = 1;
				DYLIB_INSTALL_NAME_BASE = "@rpath";
				FRAMEWORK_VERSION = A;
				INFOPLIST_FILE = Fountain/Info.plist;
				INSTALL_PATH = "$(LOCAL_LIBRARY_DIR)/Frameworks";
				LD_RUNPATH_SEARCH_PATHS = "$(inherited) @executable_path/../Frameworks @loader_path/Frameworks";
				PRODUCT_BUNDLE_IDENTIFIER = pear.Fountain;
				PRODUCT_NAME = "$(TARGET_NAME)";
				SKIP_INSTALL = YES;
			};
			name = Release;
		};
		B93D3C671C1FD81B00557F6F /* Debug */ = {
			isa = XCBuildConfiguration;
			buildSettings = {
				COMBINE_HIDPI_IMAGES = YES;
				INFOPLIST_FILE = FountainTests/Info.plist;
				LD_RUNPATH_SEARCH_PATHS = "$(inherited) @executable_path/../Frameworks @loader_path/../Frameworks";
				PRODUCT_BUNDLE_IDENTIFIER = pear.FountainTests;
				PRODUCT_NAME = "$(TARGET_NAME)";
			};
			name = Debug;
		};
		B93D3C681C1FD81B00557F6F /* Release */ = {
			isa = XCBuildConfiguration;
			buildSettings = {
				COMBINE_HIDPI_IMAGES = YES;
				INFOPLIST_FILE = FountainTests/Info.plist;
				LD_RUNPATH_SEARCH_PATHS = "$(inherited) @executable_path/../Frameworks @loader_path/../Frameworks";
				PRODUCT_BUNDLE_IDENTIFIER = pear.FountainTests;
				PRODUCT_NAME = "$(TARGET_NAME)";
			};
			name = Release;
		};
/* End XCBuildConfiguration section */

/* Begin XCConfigurationList section */
		B93D3C451C1FD5F200557F6F /* Build configuration list for PBXProject "Fountain" */ = {
			isa = XCConfigurationList;
			buildConfigurations = (
				B93D3C511C1FD5F200557F6F /* Debug */,
				B93D3C521C1FD5F200557F6F /* Release */,
			);
			defaultConfigurationIsVisible = 0;
			defaultConfigurationName = Release;
		};
		B93D3C531C1FD5F200557F6F /* Build configuration list for PBXNativeTarget "Fountain" */ = {
			isa = XCConfigurationList;
			buildConfigurations = (
				B93D3C541C1FD5F200557F6F /* Debug */,
				B93D3C551C1FD5F200557F6F /* Release */,
			);
			defaultConfigurationIsVisible = 0;
		};
		B93D3C661C1FD81B00557F6F /* Build configuration list for PBXNativeTarget "FountainTests" */ = {
			isa = XCConfigurationList;
			buildConfigurations = (
				B93D3C671C1FD81B00557F6F /* Debug */,
				B93D3C681C1FD81B00557F6F /* Release */,
			);
			defaultConfigurationIsVisible = 0;
		};
/* End XCConfigurationList section */
	};
	rootObject = B93D3C421C1FD5F200557F6F /* Project object */;
}
